
Microsoft Visual Studio Solution File, Format Version 12.00
# Visual Studio Version 16
VisualStudioVersion = 16.0.31205.134
MinimumVisualStudioVersion = 10.0.40219.1
Project("{FAE04EC0-301F-11D3-BF4B-00C04F79EFBC}") = "Notepad21", "Notepad21\Notepad21.csproj", "{7D5A144F-5F6C-4913-9E5C-1F5CD84F562F}"
EndProject
Global
	GlobalSection(SolutionConfigurationPlatforms) = preSolution
		Debug|Any CPU = Debug|Any CPU
		Release|Any CPU = Release|Any CPU
	EndGlobalSection
	GlobalSection(ProjectConfigurationPlatforms) = postSolution
		{7D5A144F-5F6C-4913-9E5C-1F5CD84F562F}.Debug|Any CPU.ActiveCfg = Debug|Any CPU
		{7D5A144F-5F6C-4913-9E5C-1F5CD84F562F}.Debug|Any CPU.Build.0 = Debug|Any CPU
		{7D5A144F-5F6C-4913-9E5C-1F5CD84F562F}.Release|Any CPU.ActiveCfg = Release|Any CPU
		{7D5A144F-5F6C-4913-9E5C-1F5CD84F562F}.Release|Any CPU.Build.0 = Release|Any CPU
	EndGlobalSection
	GlobalSection(SolutionProperties) = preSolution
		HideSolutionNode = FALSE
	EndGlobalSection
	GlobalSection(ExtensibilityGlobals) = postSolution
		SolutionGuid = {E8A93A2C-7DE0-44BC-BBFC-59F4F3AD2AC9}
	EndGlobalSection
EndGlobal
